
Microsoft Visual Studio Solution File, Format Version 12.00
# Visual Studio Version 17
VisualStudioVersion = 17.7.34031.279
MinimumVisualStudioVersion = 10.0.40219.1
Project("{FAE04EC0-301F-11D3-BF4B-00C04F79EFBC}") = "WebApplicationBookLoan", "WebApplicationBookLoan\WebApplicationBookLoan.csproj", "{A3EF93E2-9459-4CEF-9ACD-5B221FB5BBE6}"
EndProject
Global
	GlobalSection(SolutionConfigurationPlatforms) = preSolution
		Debug|Any CPU = Debug|Any CPU
		Release|Any CPU = Release|Any CPU
	EndGlobalSection
	GlobalSection(ProjectConfigurationPlatforms) = postSolution
		{A3EF93E2-9459-4CEF-9ACD-5B221FB5BBE6}.Debug|Any CPU.ActiveCfg = Debug|Any CPU
		{A3EF93E2-9459-4CEF-9ACD-5B221FB5BBE6}.Debug|Any CPU.Build.0 = Debug|Any CPU
		{A3EF93E2-9459-4CEF-9ACD-5B221FB5BBE6}.Release|Any CPU.ActiveCfg = Release|Any CPU
		{A3EF93E2-9459-4CEF-9ACD-5B221FB5BBE6}.Release|Any CPU.Build.0 = Release|Any CPU
	EndGlobalSection
	GlobalSection(SolutionProperties) = preSolution
		HideSolutionNode = FALSE
	EndGlobalSection
	GlobalSection(ExtensibilityGlobals) = postSolution
		SolutionGuid = {13394874-AA68-45B6-B65C-A904B72772F2}
	EndGlobalSection
EndGlobal
